// !$*UTF8*$!
{
	archiveVersion = 1;
	classes = {
	};
	objectVersion = 46;
	objects = {

/* Begin PBXBuildFile section */
		FC6FE3521DA0D3CF005EA73B /* AppDelegate.swift in Sources */ = {isa = PBXBuildFile; fileRef = FC6FE3511DA0D3CF005EA73B /* AppDelegate.swift */; };
		FC6FE3541DA0D3CF005EA73B /* ViewController.swift in Sources */ = {isa = PBXBuildFile; fileRef = FC6FE3531DA0D3CF005EA73B /* ViewController.swift */; };
		FC6FE3571DA0D3D0005EA73B /* Main.storyboard in Resources */ = {isa = PBXBuildFile; fileRef = FC6FE3551DA0D3D0005EA73B /* Main.storyboard */; };
		FC6FE3591DA0D3D0005EA73B /* Assets.xcassets in Resources */ = {isa = PBXBuildFile; fileRef = FC6FE3581DA0D3D0005EA73B /* Assets.xcassets */; };
		FC6FE35C1DA0D3D0005EA73B /* LaunchScreen.storyboard in Resources */ = {isa = PBXBuildFile; fileRef = FC6FE35A1DA0D3D0005EA73B /* LaunchScreen.storyboard */; };
/* End PBXBuildFile section */

/* Begin PBXFileReference section */
		FC6FE34E1DA0D3CF005EA73B /* LaunchScreenDemo.app */ = {isa = PBXFileReference; explicitFileType = wrapper.application; includeInIndex = 0; path = LaunchScreenDemo.app; sourceTree = BUILT_PRODUCTS_DIR; };
		FC6FE3511DA0D3CF005EA73B /* AppDelegate.swift */ = {isa = PBXFileReference; lastKnownFileType = sourcecode.swift; path = AppDelegate.swift; sourceTree = "<group>"; };
		FC6FE3531DA0D3CF005EA73B /* ViewController.swift */ = {isa = PBXFileReference; lastKnownFileType = sourcecode.swift; path = ViewController.swift; sourceTree = "<group>"; };
		FC6FE3561DA0D3D0005EA73B /* Base */ = {isa = PBXFileReference; lastKnownFileType = file.storyboard; name = Base; path = Base.lproj/Main.storyboard; sourceTree = "<group>"; };
		FC6FE3581DA0D3D0005EA73B /* Assets.xcassets */ = {isa = PBXFileReference; lastKnownFileType = folder.assetcatalog; path = Assets.xcassets; sourceTree = "<group>"; };
		FC6FE35B1DA0D3D0005EA73B /* Base */ = {isa = PBXFileReference; lastKnownFileType = file.storyboard; name = Base; path = Base.lproj/LaunchScreen.storyboard; sourceTree = "<group>"; };
		FC6FE35D1DA0D3D0005EA73B /* Info.plist */ = {isa = PBXFileReference; lastKnownFileType = text.plist.xml; path = Info.plist; sourceTree = "<group>"; };
/* End PBXFileReference section */

/* Begin PBXFrameworksBuildPhase section */
		FC6FE34B1DA0D3CF005EA73B /* Frameworks */ = {
			isa = PBXFrameworksBuildPhase;
			buildActionMask = 2147483647;
			files = (
			);
			runOnlyForDeploymentPostprocessing = 0;
		};
/* End PBXFrameworksBuildPhase section */

/* Begin PBXGroup section */
		FC6FE3451DA0D3CF005EA73B = {
			isa = PBXGroup;
			children = (
				FC6FE3501DA0D3CF005EA73B /* LaunchScreenDemo */,
				FC6FE34F1DA0D3CF005EA73B /* Products */,
			);
			sourceTree = "<group>";
		};
		FC6FE34F1DA0D3CF005EA73B /* Products */ = {
			isa = PBXGroup;
			children = (
				FC6FE34E1DA0D3CF005EA73B /* LaunchScreenDemo.app */,
			);
			name = Products;
			sourceTree = "<group>";
		};
		FC6FE3501DA0D3CF005EA73B /* LaunchScreenDemo */ = {
			isa = PBXGroup;
			children = (
				FC6FE3511DA0D3CF005EA73B /* AppDelegate.swift */,
				FC6FE3531DA0D3CF005EA73B /* ViewController.swift */,
				FC6FE3551DA0D3D0005EA73B /* Main.storyboard */,
				FC6FE3581DA0D3D0005EA73B /* Assets.xcassets */,
				FC6FE35A1DA0D3D0005EA73B /* LaunchScreen.storyboard */,
				FC6FE35D1DA0D3D0005EA73B /* Info.plist */,
			);
			path = LaunchScreenDemo;
			sourceTree = "<group>";
		};
/* End PBXGroup section */

/* Begin PBXNativeTarget section */
		FC6FE34D1DA0D3CF005EA73B /* LaunchScreenDemo */ = {
			isa = PBXNativeTarget;
			buildConfigurationList = FC6FE3601DA0D3D0005EA73B /* Build configuration list for PBXNativeTarget "LaunchScreenDemo" */;
			buildPhases = (
				FC6FE34A1DA0D3CF005EA73B /* Sources */,
				FC6FE34B1DA0D3CF005EA73B /* Frameworks */,
				FC6FE34C1DA0D3CF005EA73B /* Resources */,
			);
			buildRules = (
			);
			dependencies = (
			);
			name = LaunchScreenDemo;
			productName = LaunchScreenDemo;
			productReference = FC6FE34E1DA0D3CF005EA73B /* LaunchScreenDemo.app */;
			productType = "com.apple.product-type.application";
		};
/* End PBXNativeTarget section */

/* Begin PBXProject section */
		FC6FE3461DA0D3CF005EA73B /* Project object */ = {
			isa = PBXProject;
			attributes = {
				LastSwiftUpdateCheck = 0800;
				LastUpgradeCheck = 0800;
				ORGANIZATIONNAME = wangyuanyuan;
				TargetAttributes = {
					FC6FE34D1DA0D3CF005EA73B = {
						CreatedOnToolsVersion = 8.0;
						ProvisioningStyle = Automatic;
					};
				};
			};
			buildConfigurationList = FC6FE3491DA0D3CF005EA73B /* Build configuration list for PBXProject "LaunchScreenDemo" */;
			compatibilityVersion = "Xcode 3.2";
			developmentRegion = English;
			hasScannedForEncodings = 0;
			knownRegions = (
				en,
				Base,
			);
			mainGroup = FC6FE3451DA0D3CF005EA73B;
			productRefGroup = FC6FE34F1DA0D3CF005EA73B /* Products */;
			projectDirPath = "";
			projectRoot = "";
			targets = (
				FC6FE34D1DA0D3CF005EA73B /* LaunchScreenDemo */,
			);
		};
/* End PBXProject section */

/* Begin PBXResourcesBuildPhase section */
		FC6FE34C1DA0D3CF005EA73B /* Resources */ = {
			isa = PBXResourcesBuildPhase;
			buildActionMask = 2147483647;
			files = (
				FC6FE35C1DA0D3D0005EA73B /* LaunchScreen.storyboard in Resources */,
				FC6FE3591DA0D3D0005EA73B /* Assets.xcassets in Resources */,
				FC6FE3571DA0D3D0005EA73B /* Main.storyboard in Resources */,
			);
			runOnlyForDeploymentPostprocessing = 0;
		};
/* End PBXResourcesBuildPhase section */

/* Begin PBXSourcesBuildPhase section */
		FC6FE34A1DA0D3CF005EA73B /* Sources */ = {
			isa = PBXSourcesBuildPhase;
			buildActionMask = 2147483647;
			files = (
				FC6FE3541DA0D3CF005EA73B /* ViewController.swift in Sources */,
				FC6FE3521DA0D3CF005EA73B /* AppDelegate.swift in Sources */,
			);
			runOnlyForDeploymentPostprocessing = 0;
		};
/* End PBXSourcesBuildPhase section */

/* Begin PBXVariantGroup section */
		FC6FE3551DA0D3D0005EA73B /* Main.storyboard */ = {
			isa = PBXVariantGroup;
			children = (
				FC6FE3561DA0D3D0005EA73B /* Base */,
			);
			name = Main.storyboard;
			sourceTree = "<group>";
		};
		FC6FE35A1DA0D3D0005EA73B /* LaunchScreen.storyboard */ = {
			isa = PBXVariantGroup;
			children = (
				FC6FE35B1DA0D3D0005EA73B /* Base */,
			);
			name = LaunchScreen.storyboard;
			sourceTree = "<group>";
		};
/* End PBXVariantGroup section */

/* Begin XCBuildConfiguration section */
		FC6FE35E1DA0D3D0005EA73B /* Debug */ = {
			isa = XCBuildConfiguration;
			buildSettings = {
				ALWAYS_SEARCH_USER_PATHS = NO;
				CLANG_ANALYZER_NONNULL = YES;
				CLANG_CXX_LANGUAGE_STANDARD = "gnu++0x";
				CLANG_CXX_LIBRARY = "libc++";
				CLANG_ENABLE_MODULES = YES;
				CLANG_ENABLE_OBJC_ARC = YES;
				CLANG_WARN_BOOL_CONVERSION = YES;
				CLANG_WARN_CONSTANT_CONVERSION = YES;
				CLANG_WARN_DIRECT_OBJC_ISA_USAGE = YES_ERROR;
				CLANG_WARN_DOCUMENTATION_COMMENTS = YES;
				CLANG_WARN_EMPTY_BODY = YES;
				CLANG_WARN_ENUM_CONVERSION = YES;
				CLANG_WARN_INFINITE_RECURSION = YES;
				CLANG_WARN_INT_CONVERSION = YES;
				CLANG_WARN_OBJC_ROOT_CLASS = YES_ERROR;
				CLANG_WARN_SUSPICIOUS_MOVES = YES;
				CLANG_WARN_UNREACHABLE_CODE = YES;
				CLANG_WARN__DUPLICATE_METHOD_MATCH = YES;
				"CODE_SIGN_IDENTITY[sdk=iphoneos*]" = "iPhone Developer";
				COPY_PHASE_STRIP = NO;
				DEBUG_INFORMATION_FORMAT = dwarf;
				ENABLE_STRICT_OBJC_MSGSEND = YES;
				ENABLE_TESTABILITY = YES;
				GCC_C_LANGUAGE_STANDARD = gnu99;
				GCC_DYNAMIC_NO_PIC = NO;
				GCC_NO_COMMON_BLOCKS = YES;
				GCC_OPTIMIZATION_LEVEL = 0;
				GCC_PREPROCESSOR_DEFINITIONS = (
					"DEBUG=1",
					"$(inherited)",
				);
				GCC_WARN_64_TO_32_BIT_CONVERSION = YES;
				GCC_WARN_ABOUT_RETURN_TYPE = YES_ERROR;
				GCC_WARN_UNDECLARED_SELECTOR = YES;
				GCC_WARN_UNINITIALIZED_AUTOS = YES_AGGRESSIVE;
				GCC_WARN_UNUSED_FUNCTION = YES;
				GCC_WARN_UNUSED_VARIABLE = YES;
				IPHONEOS_DEPLOYMENT_TARGET = 10.0;
				MTL_ENABLE_DEBUG_INFO = YES;
				ONLY_ACTIVE_ARCH = YES;
				SDKROOT = iphoneos;
				SWIFT_ACTIVE_COMPILATION_CONDITIONS = DEBUG;
				SWIFT_OPTIMIZATION_LEVEL = "-Onone";
			};
			name = Debug;
		};
		FC6FE35F1DA0D3D0005EA73B /* Release */ = {
			isa = XCBuildConfiguration;
			buildSettings = {
				ALWAYS_SEARCH_USER_PATHS = NO;
				CLANG_ANALYZER_NONNULL = YES;
				CLANG_CXX_LANGUAGE_STANDARD = "gnu++0x";
				CLANG_CXX_LIBRARY = "libc++";
				CLANG_ENABLE_MODULES = YES;
				CLANG_ENABLE_OBJC_ARC = YES;
				CLANG_WARN_BOOL_CONVERSION = YES;
				CLANG_WARN_CONSTANT_CONVERSION = YES;
				CLANG_WARN_DIRECT_OBJC_ISA_USAGE = YES_ERROR;
				CLANG_WARN_DOCUMENTATION_COMMENTS = YES;
				CLANG_WARN_EMPTY_BODY = YES;
				CLANG_WARN_ENUM_CONVERSION = YES;
				CLANG_WARN_INFINITE_RECURSION = YES;
				CLANG_WARN_INT_CONVERSION = YES;
				CLANG_WARN_OBJC_ROOT_CLASS = YES_ERROR;
				CLANG_WARN_SUSPICIOUS_MOVES = YES;
				CLANG_WARN_UNREACHABLE_CODE = YES;
				CLANG_WARN__DUPLICATE_METHOD_MATCH = YES;
				"CODE_SIGN_IDENTITY[sdk=iphoneos*]" = "iPhone Developer";
				COPY_PHASE_STRIP = NO;
				DEBUG_INFORMATION_FORMAT = "dwarf-with-dsym";
				ENABLE_NS_ASSERTIONS = NO;
				ENABLE_STRICT_OBJC_MSGSEND = YES;
				GCC_C_LANGUAGE_STANDARD = gnu99;
				GCC_NO_COMMON_BLOCKS = YES;
				GCC_WARN_64_TO_32_BIT_CONVERSION = YES;
				GCC_WARN_ABOUT_RETURN_TYPE = YES_ERROR;
				GCC_WARN_UNDECLARED_SELECTOR = YES;
				GCC_WARN_UNINITIALIZED_AUTOS = YES_AGGRESSIVE;
				GCC_WARN_UNUSED_FUNCTION = YES;
				GCC_WARN_UNUSED_VARIABLE = YES;
				IPHONEOS_DEPLOYMENT_TARGET = 10.0;
				MTL_ENABLE_DEBUG_INFO = NO;
				SDKROOT = iphoneos;
				SWIFT_OPTIMIZATION_LEVEL = "-Owholemodule";
				VALIDATE_PRODUCT = YES;
			};
			name = Release;
		};
		FC6FE3611DA0D3D0005EA73B /* Debug */ = {
			isa = XCBuildConfiguration;
			buildSettings = {
				ASSETCATALOG_COMPILER_APPICON_NAME = AppIcon;
				INFOPLIST_FILE = LaunchScreenDemo/Info.plist;
				LD_RUNPATH_SEARCH_PATHS = "$(inherited) @executable_path/Frameworks";
				PRODUCT_BUNDLE_IDENTIFIER = com.yuanyuan.LaunchScreenDemo;
				PRODUCT_NAME = "$(TARGET_NAME)";
				SWIFT_VERSION = 3.0;
			};
			name = Debug;
		};
		FC6FE3621DA0D3D0005EA73B /* Release */ = {
			isa = XCBuildConfiguration;
			buildSettings = {
				ASSETCATALOG_COMPILER_APPICON_NAME = AppIcon;
				INFOPLIST_FILE = LaunchScreenDemo/Info.plist;
				LD_RUNPATH_SEARCH_PATHS = "$(inherited) @executable_path/Frameworks";
				PRODUCT_BUNDLE_IDENTIFIER = com.yuanyuan.LaunchScreenDemo;
				PRODUCT_NAME = "$(TARGET_NAME)";
				SWIFT_VERSION = 3.0;
			};
			name = Release;
		};
/* End XCBuildConfiguration section */

/* Begin XCConfigurationList section */
		FC6FE3491DA0D3CF005EA73B /* Build configuration list for PBXProject "LaunchScreenDemo" */ = {
			isa = XCConfigurationList;
			buildConfigurations = (
				FC6FE35E1DA0D3D0005EA73B /* Debug */,
				FC6FE35F1DA0D3D0005EA73B /* Release */,
			);
			defaultConfigurationIsVisible = 0;
			defaultConfigurationName = Release;
		};
		FC6FE3601DA0D3D0005EA73B /* Build configuration list for PBXNativeTarget "LaunchScreenDemo" */ = {
			isa = XCConfigurationList;
			buildConfigurations = (
				FC6FE3611DA0D3D0005EA73B /* Debug */,
				FC6FE3621DA0D3D0005EA73B /* Release */,
			);
			defaultConfigurationIsVisible = 0;
			defaultConfigurationName = Release;
		};
/* End XCConfigurationList section */
	};
	rootObject = FC6FE3461DA0D3CF005EA73B /* Project object */;
}
